// !$*UTF8*$!
{
	archiveVersion = 1;
	classes = {
	};
	objectVersion = 50;
	objects = {

/* Begin PBXBuildFile section */
		D47DC3C62276F07300ADA382 /* AppDelegate.swift in Sources */ = {isa = PBXBuildFile; fileRef = D47DC3C52276F07300ADA382 /* AppDelegate.swift */; };
		D47DC3C82276F07300ADA382 /* ViewController.swift in Sources */ = {isa = PBXBuildFile; fileRef = D47DC3C72276F07300ADA382 /* ViewController.swift */; };
		D47DC3CB2276F07300ADA382 /* Main.storyboard in Resources */ = {isa = PBXBuildFile; fileRef = D47DC3C92276F07300ADA382 /* Main.storyboard */; };
		D47DC3CD2276F07A00ADA382 /* Assets.xcassets in Resources */ = {isa = PBXBuildFile; fileRef = D47DC3CC2276F07A00ADA382 /* Assets.xcassets */; };
		D47DC3D02276F07A00ADA382 /* LaunchScreen.storyboard in Resources */ = {isa = PBXBuildFile; fileRef = D47DC3CE2276F07A00ADA382 /* LaunchScreen.storyboard */; };
		D47DC3DB2276F07A00ADA382 /* Large_Title_Navigation_BarTests.swift in Sources */ = {isa = PBXBuildFile; fileRef = D47DC3DA2276F07A00ADA382 /* Large_Title_Navigation_BarTests.swift */; };
		D47DC3E62276F07A00ADA382 /* Large_Title_Navigation_BarUITests.swift in Sources */ = {isa = PBXBuildFile; fileRef = D47DC3E52276F07A00ADA382 /* Large_Title_Navigation_BarUITests.swift */; };
/* End PBXBuildFile section */

/* Begin PBXContainerItemProxy section */
		D47DC3D72276F07A00ADA382 /* PBXContainerItemProxy */ = {
			isa = PBXContainerItemProxy;
			containerPortal = D47DC3BA2276F07300ADA382 /* Project object */;
			proxyType = 1;
			remoteGlobalIDString = D47DC3C12276F07300ADA382;
			remoteInfo = "Large Title Navigation Bar";
		};
		D47DC3E22276F07A00ADA382 /* PBXContainerItemProxy */ = {
			isa = PBXContainerItemProxy;
			containerPortal = D47DC3BA2276F07300ADA382 /* Project object */;
			proxyType = 1;
			remoteGlobalIDString = D47DC3C12276F07300ADA382;
			remoteInfo = "Large Title Navigation Bar";
		};
/* End PBXContainerItemProxy section */

/* Begin PBXFileReference section */
		D47DC3C22276F07300ADA382 /* Large Title Navigation Bar.app */ = {isa = PBXFileReference; explicitFileType = wrapper.application; includeInIndex = 0; path = "Large Title Navigation Bar.app"; sourceTree = BUILT_PRODUCTS_DIR; };
		D47DC3C52276F07300ADA382 /* AppDelegate.swift */ = {isa = PBXFileReference; lastKnownFileType = sourcecode.swift; path = AppDelegate.swift; sourceTree = "<group>"; };
		D47DC3C72276F07300ADA382 /* ViewController.swift */ = {isa = PBXFileReference; lastKnownFileType = sourcecode.swift; path = ViewController.swift; sourceTree = "<group>"; };
		D47DC3CA2276F07300ADA382 /* Base */ = {isa = PBXFileReference; lastKnownFileType = file.storyboard; name = Base; path = Base.lproj/Main.storyboard; sourceTree = "<group>"; };
		D47DC3CC2276F07A00ADA382 /* Assets.xcassets */ = {isa = PBXFileReference; lastKnownFileType = folder.assetcatalog; path = Assets.xcassets; sourceTree = "<group>"; };
		D47DC3CF2276F07A00ADA382 /* Base */ = {isa = PBXFileReference; lastKnownFileType = file.storyboard; name = Base; path = Base.lproj/LaunchScreen.storyboard; sourceTree = "<group>"; };
		D47DC3D12276F07A00ADA382 /* Info.plist */ = {isa = PBXFileReference; lastKnownFileType = text.plist.xml; path = Info.plist; sourceTree = "<group>"; };
		D47DC3D62276F07A00ADA382 /* Large Title Navigation BarTests.xctest */ = {isa = PBXFileReference; explicitFileType = wrapper.cfbundle; includeInIndex = 0; path = "Large Title Navigation BarTests.xctest"; sourceTree = BUILT_PRODUCTS_DIR; };
		D47DC3DA2276F07A00ADA382 /* Large_Title_Navigation_BarTests.swift */ = {isa = PBXFileReference; lastKnownFileType = sourcecode.swift; path = Large_Title_Navigation_BarTests.swift; sourceTree = "<group>"; };
		D47DC3DC2276F07A00ADA382 /* Info.plist */ = {isa = PBXFileReference; lastKnownFileType = text.plist.xml; path = Info.plist; sourceTree = "<group>"; };
		D47DC3E12276F07A00ADA382 /* Large Title Navigation BarUITests.xctest */ = {isa = PBXFileReference; explicitFileType = wrapper.cfbundle; includeInIndex = 0; path = "Large Title Navigation BarUITests.xctest"; sourceTree = BUILT_PRODUCTS_DIR; };
		D47DC3E52276F07A00ADA382 /* Large_Title_Navigation_BarUITests.swift */ = {isa = PBXFileReference; lastKnownFileType = sourcecode.swift; path = Large_Title_Navigation_BarUITests.swift; sourceTree = "<group>"; };
		D47DC3E72276F07A00ADA382 /* Info.plist */ = {isa = PBXFileReference; lastKnownFileType = text.plist.xml; path = Info.plist; sourceTree = "<group>"; };
/* End PBXFileReference section */

/* Begin PBXFrameworksBuildPhase section */
		D47DC3BF2276F07300ADA382 /* Frameworks */ = {
			isa = PBXFrameworksBuildPhase;
			buildActionMask = 2147483647;
			files = (
			);
			runOnlyForDeploymentPostprocessing = 0;
		};
		D47DC3D32276F07A00ADA382 /* Frameworks */ = {
			isa = PBXFrameworksBuildPhase;
			buildActionMask = 2147483647;
			files = (
			);
			runOnlyForDeploymentPostprocessing = 0;
		};
		D47DC3DE2276F07A00ADA382 /* Frameworks */ = {
			isa = PBXFrameworksBuildPhase;
			buildActionMask = 2147483647;
			files = (
			);
			runOnlyForDeploymentPostprocessing = 0;
		};
/* End PBXFrameworksBuildPhase section */

/* Begin PBXGroup section */
		D47DC3B92276F07300ADA382 = {
			isa = PBXGroup;
			children = (
				D47DC3C42276F07300ADA382 /* Large Title Navigation Bar */,
				D47DC3D92276F07A00ADA382 /* Large Title Navigation BarTests */,
				D47DC3E42276F07A00ADA382 /* Large Title Navigation BarUITests */,
				D47DC3C32276F07300ADA382 /* Products */,
			);
			sourceTree = "<group>";
		};
		D47DC3C32276F07300ADA382 /* Products */ = {
			isa = PBXGroup;
			children = (
				D47DC3C22276F07300ADA382 /* Large Title Navigation Bar.app */,
				D47DC3D62276F07A00ADA382 /* Large Title Navigation BarTests.xctest */,
				D47DC3E12276F07A00ADA382 /* Large Title Navigation BarUITests.xctest */,
			);
			name = Products;
			sourceTree = "<group>";
		};
		D47DC3C42276F07300ADA382 /* Large Title Navigation Bar */ = {
			isa = PBXGroup;
			children = (
				D47DC3C52276F07300ADA382 /* AppDelegate.swift */,
				D47DC3C72276F07300ADA382 /* ViewController.swift */,
				D47DC3C92276F07300ADA382 /* Main.storyboard */,
				D47DC3CC2276F07A00ADA382 /* Assets.xcassets */,
				D47DC3CE2276F07A00ADA382 /* LaunchScreen.storyboard */,
				D47DC3D12276F07A00ADA382 /* Info.plist */,
			);
			path = "Large Title Navigation Bar";
			sourceTree = "<group>";
		};
		D47DC3D92276F07A00ADA382 /* Large Title Navigation BarTests */ = {
			isa = PBXGroup;
			children = (
				D47DC3DA2276F07A00ADA382 /* Large_Title_Navigation_BarTests.swift */,
				D47DC3DC2276F07A00ADA382 /* Info.plist */,
			);
			path = "Large Title Navigation BarTests";
			sourceTree = "<group>";
		};
		D47DC3E42276F07A00ADA382 /* Large Title Navigation BarUITests */ = {
			isa = PBXGroup;
			children = (
				D47DC3E52276F07A00ADA382 /* Large_Title_Navigation_BarUITests.swift */,
				D47DC3E72276F07A00ADA382 /* Info.plist */,
			);
			path = "Large Title Navigation BarUITests";
			sourceTree = "<group>";
		};
/* End PBXGroup section */

/* Begin PBXNativeTarget section */
		D47DC3C12276F07300ADA382 /* Large Title Navigation Bar */ = {
			isa = PBXNativeTarget;
			buildConfigurationList = D47DC3EA2276F07A00ADA382 /* Build configuration list for PBXNativeTarget "Large Title Navigation Bar" */;
			buildPhases = (
				D47DC3BE2276F07300ADA382 /* Sources */,
				D47DC3BF2276F07300ADA382 /* Frameworks */,
				D47DC3C02276F07300ADA382 /* Resources */,
			);
			buildRules = (
			);
			dependencies = (
			);
			name = "Large Title Navigation Bar";
			productName = "Large Title Navigation Bar";
			productReference = D47DC3C22276F07300ADA382 /* Large Title Navigation Bar.app */;
			productType = "com.apple.product-type.application";
		};
		D47DC3D52276F07A00ADA382 /* Large Title Navigation BarTests */ = {
			isa = PBXNativeTarget;
			buildConfigurationList = D47DC3ED2276F07A00ADA382 /* Build configuration list for PBXNativeTarget "Large Title Navigation BarTests" */;
			buildPhases = (
				D47DC3D22276F07A00ADA382 /* Sources */,
				D47DC3D32276F07A00ADA382 /* Frameworks */,
				D47DC3D42276F07A00ADA382 /* Resources */,
			);
			buildRules = (
			);
			dependencies = (
				D47DC3D82276F07A00ADA382 /* PBXTargetDependency */,
			);
			name = "Large Title Navigation BarTests";
			productName = "Large Title Navigation BarTests";
			productReference = D47DC3D62276F07A00ADA382 /* Large Title Navigation BarTests.xctest */;
			productType = "com.apple.product-type.bundle.unit-test";
		};
		D47DC3E02276F07A00ADA382 /* Large Title Navigation BarUITests */ = {
			isa = PBXNativeTarget;
			buildConfigurationList = D47DC3F02276F07A00ADA382 /* Build configuration list for PBXNativeTarget "Large Title Navigation BarUITests" */;
			buildPhases = (
				D47DC3DD2276F07A00ADA382 /* Sources */,
				D47DC3DE2276F07A00ADA382 /* Frameworks */,
				D47DC3DF2276F07A00ADA382 /* Resources */,
			);
			buildRules = (
			);
			dependencies = (
				D47DC3E32276F07A00ADA382 /* PBXTargetDependency */,
			);
			name = "Large Title Navigation BarUITests";
			productName = "Large Title Navigation BarUITests";
			productReference = D47DC3E12276F07A00ADA382 /* Large Title Navigation BarUITests.xctest */;
			productType = "com.apple.product-type.bundle.ui-testing";
		};
/* End PBXNativeTarget section */

/* Begin PBXProject section */
		D47DC3BA2276F07300ADA382 /* Project object */ = {
			isa = PBXProject;
			attributes = {
				LastSwiftUpdateCheck = 1020;
				LastUpgradeCheck = 1020;
				ORGANIZATIONNAME = "Pawan Kumar";
				TargetAttributes = {
					D47DC3C12276F07300ADA382 = {
						CreatedOnToolsVersion = 10.2.1;
					};
					D47DC3D52276F07A00ADA382 = {
						CreatedOnToolsVersion = 10.2.1;
						TestTargetID = D47DC3C12276F07300ADA382;
					};
					D47DC3E02276F07A00ADA382 = {
						CreatedOnToolsVersion = 10.2.1;
						TestTargetID = D47DC3C12276F07300ADA382;
					};
				};
			};
			buildConfigurationList = D47DC3BD2276F07300ADA382 /* Build configuration list for PBXProject "Large Title Navigation Bar" */;
			compatibilityVersion = "Xcode 9.3";
			developmentRegion = en;
			hasScannedForEncodings = 0;
			knownRegions = (
				en,
				Base,
			);
			mainGroup = D47DC3B92276F07300ADA382;
			productRefGroup = D47DC3C32276F07300ADA382 /* Products */;
			projectDirPath = "";
			projectRoot = "";
			targets = (
				D47DC3C12276F07300ADA382 /* Large Title Navigation Bar */,
				D47DC3D52276F07A00ADA382 /* Large Title Navigation BarTests */,
				D47DC3E02276F07A00ADA382 /* Large Title Navigation BarUITests */,
			);
		};
/* End PBXProject section */

/* Begin PBXResourcesBuildPhase section */
		D47DC3C02276F07300ADA382 /* Resources */ = {
			isa = PBXResourcesBuildPhase;
			buildActionMask = 2147483647;
			files = (
				D47DC3D02276F07A00ADA382 /* LaunchScreen.storyboard in Resources */,
				D47DC3CD2276F07A00ADA382 /* Assets.xcassets in Resources */,
				D47DC3CB2276F07300ADA382 /* Main.storyboard in Resources */,
			);
			runOnlyForDeploymentPostprocessing = 0;
		};
		D47DC3D42276F07A00ADA382 /* Resources */ = {
			isa = PBXResourcesBuildPhase;
			buildActionMask = 2147483647;
			files = (
			);
			runOnlyForDeploymentPostprocessing = 0;
		};
		D47DC3DF2276F07A00ADA382 /* Resources */ = {
			isa = PBXResourcesBuildPhase;
			buildActionMask = 2147483647;
			files = (
			);
			runOnlyForDeploymentPostprocessing = 0;
		};
/* End PBXResourcesBuildPhase section */

/* Begin PBXSourcesBuildPhase section */
		D47DC3BE2276F07300ADA382 /* Sources */ = {
			isa = PBXSourcesBuildPhase;
			buildActionMask = 2147483647;
			files = (
				D47DC3C82276F07300ADA382 /* ViewController.swift in Sources */,
				D47DC3C62276F07300ADA382 /* AppDelegate.swift in Sources */,
			);
			runOnlyForDeploymentPostprocessing = 0;
		};
		D47DC3D22276F07A00ADA382 /* Sources */ = {
			isa = PBXSourcesBuildPhase;
			buildActionMask = 2147483647;
			files = (
				D47DC3DB2276F07A00ADA382 /* Large_Title_Navigation_BarTests.swift in Sources */,
			);
			runOnlyForDeploymentPostprocessing = 0;
		};
		D47DC3DD2276F07A00ADA382 /* Sources */ = {
			isa = PBXSourcesBuildPhase;
			buildActionMask = 2147483647;
			files = (
				D47DC3E62276F07A00ADA382 /* Large_Title_Navigation_BarUITests.swift in Sources */,
			);
			runOnlyForDeploymentPostprocessing = 0;
		};
/* End PBXSourcesBuildPhase section */

/* Begin PBXTargetDependency section */
		D47DC3D82276F07A00ADA382 /* PBXTargetDependency */ = {
			isa = PBXTargetDependency;
			target = D47DC3C12276F07300ADA382 /* Large Title Navigation Bar */;
			targetProxy = D47DC3D72276F07A00ADA382 /* PBXContainerItemProxy */;
		};
		D47DC3E32276F07A00ADA382 /* PBXTargetDependency */ = {
			isa = PBXTargetDependency;
			target = D47DC3C12276F07300ADA382 /* Large Title Navigation Bar */;
			targetProxy = D47DC3E22276F07A00ADA382 /* PBXContainerItemProxy */;
		};
/* End PBXTargetDependency section */

/* Begin PBXVariantGroup section */
		D47DC3C92276F07300ADA382 /* Main.storyboard */ = {
			isa = PBXVariantGroup;
			children = (
				D47DC3CA2276F07300ADA382 /* Base */,
			);
			name = Main.storyboard;
			sourceTree = "<group>";
		};
		D47DC3CE2276F07A00ADA382 /* LaunchScreen.storyboard */ = {
			isa = PBXVariantGroup;
			children = (
				D47DC3CF2276F07A00ADA382 /* Base */,
			);
			name = LaunchScreen.storyboard;
			sourceTree = "<group>";
		};
/* End PBXVariantGroup section */

/* Begin XCBuildConfiguration section */
		D47DC3E82276F07A00ADA382 /* Debug */ = {
			isa = XCBuildConfiguration;
			buildSettings = {
				ALWAYS_SEARCH_USER_PATHS = NO;
				CLANG_ANALYZER_NONNULL = YES;
				CLANG_ANALYZER_NUMBER_OBJECT_CONVERSION = YES_AGGRESSIVE;
				CLANG_CXX_LANGUAGE_STANDARD = "gnu++14";
				CLANG_CXX_LIBRARY = "libc++";
				CLANG_ENABLE_MODULES = YES;
				CLANG_ENABLE_OBJC_ARC = YES;
				CLANG_ENABLE_OBJC_WEAK = YES;
				CLANG_WARN_BLOCK_CAPTURE_AUTORELEASING = YES;
				CLANG_WARN_BOOL_CONVERSION = YES;
				CLANG_WARN_COMMA = YES;
				CLANG_WARN_CONSTANT_CONVERSION = YES;
				CLANG_WARN_DEPRECATED_OBJC_IMPLEMENTATIONS = YES;
				CLANG_WARN_DIRECT_OBJC_ISA_USAGE = YES_ERROR;
				CLANG_WARN_DOCUMENTATION_COMMENTS = YES;
				CLANG_WARN_EMPTY_BODY = YES;
				CLANG_WARN_ENUM_CONVERSION = YES;
				CLANG_WARN_INFINITE_RECURSION = YES;
				CLANG_WARN_INT_CONVERSION = YES;
				CLANG_WARN_NON_LITERAL_NULL_CONVERSION = YES;
				CLANG_WARN_OBJC_IMPLICIT_RETAIN_SELF = YES;
				CLANG_WARN_OBJC_LITERAL_CONVERSION = YES;
				CLANG_WARN_OBJC_ROOT_CLASS = YES_ERROR;
				CLANG_WARN_RANGE_LOOP_ANALYSIS = YES;
				CLANG_WARN_STRICT_PROTOTYPES = YES;
				CLANG_WARN_SUSPICIOUS_MOVE = YES;
				CLANG_WARN_UNGUARDED_AVAILABILITY = YES_AGGRESSIVE;
				CLANG_WARN_UNREACHABLE_CODE = YES;
				CLANG_WARN__DUPLICATE_METHOD_MATCH = YES;
				CODE_SIGN_IDENTITY = "iPhone Developer";
				COPY_PHASE_STRIP = NO;
				DEBUG_INFORMATION_FORMAT = dwarf;
				ENABLE_STRICT_OBJC_MSGSEND = YES;
				ENABLE_TESTABILITY = YES;
				GCC_C_LANGUAGE_STANDARD = gnu11;
				GCC_DYNAMIC_NO_PIC = NO;
				GCC_NO_COMMON_BLOCKS = YES;
				GCC_OPTIMIZATION_LEVEL = 0;
				GCC_PREPROCESSOR_DEFINITIONS = (
					"DEBUG=1",
					"$(inherited)",
				);
				GCC_WARN_64_TO_32_BIT_CONVERSION = YES;
				GCC_WARN_ABOUT_RETURN_TYPE = YES_ERROR;
				GCC_WARN_UNDECLARED_SELECTOR = YES;
				GCC_WARN_UNINITIALIZED_AUTOS = YES_AGGRESSIVE;
				GCC_WARN_UNUSED_FUNCTION = YES;
				GCC_WARN_UNUSED_VARIABLE = YES;
				IPHONEOS_DEPLOYMENT_TARGET = 9.0;
				MTL_ENABLE_DEBUG_INFO = INCLUDE_SOURCE;
				MTL_FAST_MATH = YES;
				ONLY_ACTIVE_ARCH = YES;
				SDKROOT = iphoneos;
				SWIFT_ACTIVE_COMPILATION_CONDITIONS = DEBUG;
				SWIFT_OPTIMIZATION_LEVEL = "-Onone";
			};
			name = Debug;
		};
		D47DC3E92276F07A00ADA382 /* Release */ = {
			isa = XCBuildConfiguration;
			buildSettings = {
				ALWAYS_SEARCH_USER_PATHS = NO;
				CLANG_ANALYZER_NONNULL = YES;
				CLANG_ANALYZER_NUMBER_OBJECT_CONVERSION = YES_AGGRESSIVE;
				CLANG_CXX_LANGUAGE_STANDARD = "gnu++14";
				CLANG_CXX_LIBRARY = "libc++";
				CLANG_ENABLE_MODULES = YES;
				CLANG_ENABLE_OBJC_ARC = YES;
				CLANG_ENABLE_OBJC_WEAK = YES;
				CLANG_WARN_BLOCK_CAPTURE_AUTORELEASING = YES;
				CLANG_WARN_BOOL_CONVERSION = YES;
				CLANG_WARN_COMMA = YES;
				CLANG_WARN_CONSTANT_CONVERSION = YES;
				CLANG_WARN_DEPRECATED_OBJC_IMPLEMENTATIONS = YES;
				CLANG_WARN_DIRECT_OBJC_ISA_USAGE = YES_ERROR;
				CLANG_WARN_DOCUMENTATION_COMMENTS = YES;
				CLANG_WARN_EMPTY_BODY = YES;
				CLANG_WARN_ENUM_CONVERSION = YES;
				CLANG_WARN_INFINITE_RECURSION = YES;
				CLANG_WARN_INT_CONVERSION = YES;
				CLANG_WARN_NON_LITERAL_NULL_CONVERSION = YES;
				CLANG_WARN_OBJC_IMPLICIT_RETAIN_SELF = YES;
				CLANG_WARN_OBJC_LITERAL_CONVERSION = YES;
				CLANG_WARN_OBJC_ROOT_CLASS = YES_ERROR;
				CLANG_WARN_RANGE_LOOP_ANALYSIS = YES;
				CLANG_WARN_STRICT_PROTOTYPES = YES;
				CLANG_WARN_SUSPICIOUS_MOVE = YES;
				CLANG_WARN_UNGUARDED_AVAILABILITY = YES_AGGRESSIVE;
				CLANG_WARN_UNREACHABLE_CODE = YES;
				CLANG_WARN__DUPLICATE_METHOD_MATCH = YES;
				CODE_SIGN_IDENTITY = "iPhone Developer";
				COPY_PHASE_STRIP = NO;
				DEBUG_INFORMATION_FORMAT = "dwarf-with-dsym";
				ENABLE_NS_ASSERTIONS = NO;
				ENABLE_STRICT_OBJC_MSGSEND = YES;
				GCC_C_LANGUAGE_STANDARD = gnu11;
				GCC_NO_COMMON_BLOCKS = YES;
				GCC_WARN_64_TO_32_BIT_CONVERSION = YES;
				GCC_WARN_ABOUT_RETURN_TYPE = YES_ERROR;
				GCC_WARN_UNDECLARED_SELECTOR = YES;
				GCC_WARN_UNINITIALIZED_AUTOS = YES_AGGRESSIVE;
				GCC_WARN_UNUSED_FUNCTION = YES;
				GCC_WARN_UNUSED_VARIABLE = YES;
				IPHONEOS_DEPLOYMENT_TARGET = 9.0;
				MTL_ENABLE_DEBUG_INFO = NO;
				MTL_FAST_MATH = YES;
				SDKROOT = iphoneos;
				SWIFT_COMPILATION_MODE = wholemodule;
				SWIFT_OPTIMIZATION_LEVEL = "-O";
				VALIDATE_PRODUCT = YES;
			};
			name = Release;
		};
		D47DC3EB2276F07A00ADA382 /* Debug */ = {
			isa = XCBuildConfiguration;
			buildSettings = {
				ASSETCATALOG_COMPILER_APPICON_NAME = AppIcon;
				CODE_SIGN_STYLE = Automatic;
				DEVELOPMENT_TEAM = 76D97L995F;
				INFOPLIST_FILE = "Large Title Navigation Bar/Info.plist";
				IPHONEOS_DEPLOYMENT_TARGET = 9.0;
				LD_RUNPATH_SEARCH_PATHS = (
					"$(inherited)",
					"@executable_path/Frameworks",
				);
				PRODUCT_BUNDLE_IDENTIFIER = "com.pk.Large-Title-Navigation-Bar";
				PRODUCT_NAME = "$(TARGET_NAME)";
				SWIFT_VERSION = 5.0;
				TARGETED_DEVICE_FAMILY = "1,2";
			};
			name = Debug;
		};
		D47DC3EC2276F07A00ADA382 /* Release */ = {
			isa = XCBuildConfiguration;
			buildSettings = {
				ASSETCATALOG_COMPILER_APPICON_NAME = AppIcon;
				CODE_SIGN_STYLE = Automatic;
				DEVELOPMENT_TEAM = 76D97L995F;
				INFOPLIST_FILE = "Large Title Navigation Bar/Info.plist";
				IPHONEOS_DEPLOYMENT_TARGET = 9.0;
				LD_RUNPATH_SEARCH_PATHS = (
					"$(inherited)",
					"@executable_path/Frameworks",
				);
				PRODUCT_BUNDLE_IDENTIFIER = "com.pk.Large-Title-Navigation-Bar";
				PRODUCT_NAME = "$(TARGET_NAME)";
				SWIFT_VERSION = 5.0;
				TARGETED_DEVICE_FAMILY = "1,2";
			};
			name = Release;
		};
		D47DC3EE2276F07A00ADA382 /* Debug */ = {
			isa = XCBuildConfiguration;
			buildSettings = {
				ALWAYS_EMBED_SWIFT_STANDARD_LIBRARIES = YES;
				BUNDLE_LOADER = "$(TEST_HOST)";
				CODE_SIGN_STYLE = Automatic;
				INFOPLIST_FILE = "Large Title Navigation BarTests/Info.plist";
				LD_RUNPATH_SEARCH_PATHS = (
					"$(inherited)",
					"@executable_path/Frameworks",
					"@loader_path/Frameworks",
				);
				PRODUCT_BUNDLE_IDENTIFIER = "com.pk.Large-Title-Navigation-BarTests";
				PRODUCT_NAME = "$(TARGET_NAME)";
				SWIFT_VERSION = 5.0;
				TARGETED_DEVICE_FAMILY = "1,2";
				TEST_HOST = "$(BUILT_PRODUCTS_DIR)/Large Title Navigation Bar.app/Large Title Navigation Bar";
			};
			name = Debug;
		};
		D47DC3EF2276F07A00ADA382 /* Release */ = {
			isa = XCBuildConfiguration;
			buildSettings = {
				ALWAYS_EMBED_SWIFT_STANDARD_LIBRARIES = YES;
				BUNDLE_LOADER = "$(TEST_HOST)";
				CODE_SIGN_STYLE = Automatic;
				INFOPLIST_FILE = "Large Title Navigation BarTests/Info.plist";
				LD_RUNPATH_SEARCH_PATHS = (
					"$(inherited)",
					"@executable_path/Frameworks",
					"@loader_path/Frameworks",
				);
				PRODUCT_BUNDLE_IDENTIFIER = "com.pk.Large-Title-Navigation-BarTests";
				PRODUCT_NAME = "$(TARGET_NAME)";
				SWIFT_VERSION = 5.0;
				TARGETED_DEVICE_FAMILY = "1,2";
				TEST_HOST = "$(BUILT_PRODUCTS_DIR)/Large Title Navigation Bar.app/Large Title Navigation Bar";
			};
			name = Release;
		};
		D47DC3F12276F07A00ADA382 /* Debug */ = {
			isa = XCBuildConfiguration;
			buildSettings = {
				ALWAYS_EMBED_SWIFT_STANDARD_LIBRARIES = YES;
				CODE_SIGN_STYLE = Automatic;
				INFOPLIST_FILE = "Large Title Navigation BarUITests/Info.plist";
				LD_RUNPATH_SEARCH_PATHS = (
					"$(inherited)",
					"@executable_path/Frameworks",
					"@loader_path/Frameworks",
				);
				PRODUCT_BUNDLE_IDENTIFIER = "com.pk.Large-Title-Navigation-BarUITests";
				PRODUCT_NAME = "$(TARGET_NAME)";
				SWIFT_VERSION = 5.0;
				TARGETED_DEVICE_FAMILY = "1,2";
				TEST_TARGET_NAME = "Large Title Navigation Bar";
			};
			name = Debug;
		};
		D47DC3F22276F07A00ADA382 /* Release */ = {
			isa = XCBuildConfiguration;
			buildSettings = {
				ALWAYS_EMBED_SWIFT_STANDARD_LIBRARIES = YES;
				CODE_SIGN_STYLE = Automatic;
				INFOPLIST_FILE = "Large Title Navigation BarUITests/Info.plist";
				LD_RUNPATH_SEARCH_PATHS = (
					"$(inherited)",
					"@executable_path/Frameworks",
					"@loader_path/Frameworks",
				);
				PRODUCT_BUNDLE_IDENTIFIER = "com.pk.Large-Title-Navigation-BarUITests";
				PRODUCT_NAME = "$(TARGET_NAME)";
				SWIFT_VERSION = 5.0;
				TARGETED_DEVICE_FAMILY = "1,2";
				TEST_TARGET_NAME = "Large Title Navigation Bar";
			};
			name = Release;
		};
/* End XCBuildConfiguration section */

/* Begin XCConfigurationList section */
		D47DC3BD2276F07300ADA382 /* Build configuration list for PBXProject "Large Title Navigation Bar" */ = {
			isa = XCConfigurationList;
			buildConfigurations = (
				D47DC3E82276F07A00ADA382 /* Debug */,
				D47DC3E92276F07A00ADA382 /* Release */,
			);
			defaultConfigurationIsVisible = 0;
			defaultConfigurationName = Release;
		};
		D47DC3EA2276F07A00ADA382 /* Build configuration list for PBXNativeTarget "Large Title Navigation Bar" */ = {
			isa = XCConfigurationList;
			buildConfigurations = (
				D47DC3EB2276F07A00ADA382 /* Debug */,
				D47DC3EC2276F07A00ADA382 /* Release */,
			);
			defaultConfigurationIsVisible = 0;
			defaultConfigurationName = Release;
		};
		D47DC3ED2276F07A00ADA382 /* Build configuration list for PBXNativeTarget "Large Title Navigation BarTests" */ = {
			isa = XCConfigurationList;
			buildConfigurations = (
				D47DC3EE2276F07A00ADA382 /* Debug */,
				D47DC3EF2276F07A00ADA382 /* Release */,
			);
			defaultConfigurationIsVisible = 0;
			defaultConfigurationName = Release;
		};
		D47DC3F02276F07A00ADA382 /* Build configuration list for PBXNativeTarget "Large Title Navigation BarUITests" */ = {
			isa = XCConfigurationList;
			buildConfigurations = (
				D47DC3F12276F07A00ADA382 /* Debug */,
				D47DC3F22276F07A00ADA382 /* Release */,
			);
			defaultConfigurationIsVisible = 0;
			defaultConfigurationName = Release;
		};
/* End XCConfigurationList section */
	};
	rootObject = D47DC3BA2276F07300ADA382 /* Project object */;
}
